// !$*UTF8*$!
{
	archiveVersion = 1;
	classes = {
	};
	objectVersion = 48;
	objects = {

/* Begin PBXBuildFile section */
		F613E85820B58DDD001195A3 /* main.c in Sources */ = {isa = PBXBuildFile; fileRef = F613E85720B58DDD001195A3 /* main.c */; };
		F616736420BBF4D900927C76 /* main.c in Sources */ = {isa = PBXBuildFile; fileRef = F616736320BBF4D900927C76 /* main.c */; };
		F64F20C220B81C4E00A62B52 /* main.c in Sources */ = {isa = PBXBuildFile; fileRef = F64F20C120B81C4E00A62B52 /* main.c */; };
/* End PBXBuildFile section */

/* Begin PBXCopyFilesBuildPhase section */
		F613E85220B58DDD001195A3 /* CopyFiles */ = {
			isa = PBXCopyFilesBuildPhase;
			buildActionMask = 2147483647;
			dstPath = /usr/share/man/man1/;
			dstSubfolderSpec = 0;
			files = (
			);
			runOnlyForDeploymentPostprocessing = 1;
		};
		F616735F20BBF4D900927C76 /* CopyFiles */ = {
			isa = PBXCopyFilesBuildPhase;
			buildActionMask = 2147483647;
			dstPath = /usr/share/man/man1/;
			dstSubfolderSpec = 0;
			files = (
			);
			runOnlyForDeploymentPostprocessing = 1;
		};
		F64F20BD20B81C4E00A62B52 /* CopyFiles */ = {
			isa = PBXCopyFilesBuildPhase;
			buildActionMask = 2147483647;
			dstPath = /usr/share/man/man1/;
			dstSubfolderSpec = 0;
			files = (
			);
			runOnlyForDeploymentPostprocessing = 1;
		};
/* End PBXCopyFilesBuildPhase section */

/* Begin PBXFileReference section */
		F613E85420B58DDD001195A3 /* 11章 String */ = {isa = PBXFileReference; explicitFileType = "compiled.mach-o.executable"; includeInIndex = 0; path = "11章 String"; sourceTree = BUILT_PRODUCTS_DIR; };
		F613E85720B58DDD001195A3 /* main.c */ = {isa = PBXFileReference; lastKnownFileType = sourcecode.c.c; path = main.c; sourceTree = "<group>"; };
		F616736120BBF4D900927C76 /* 11.7 字符串函数 */ = {isa = PBXFileReference; explicitFileType = "compiled.mach-o.executable"; includeInIndex = 0; path = "11.7 字符串函数"; sourceTree = BUILT_PRODUCTS_DIR; };
		F616736320BBF4D900927C76 /* main.c */ = {isa = PBXFileReference; lastKnownFileType = sourcecode.c.c; path = main.c; sourceTree = "<group>"; };
		F64F20BF20B81C4E00A62B52 /* 11.3 addresses.c 字符串的地址 */ = {isa = PBXFileReference; explicitFileType = "compiled.mach-o.executable"; includeInIndex = 0; path = "11.3 addresses.c 字符串的地址"; sourceTree = BUILT_PRODUCTS_DIR; };
		F64F20C120B81C4E00A62B52 /* main.c */ = {isa = PBXFileReference; lastKnownFileType = sourcecode.c.c; path = main.c; sourceTree = "<group>"; };
/* End PBXFileReference section */

/* Begin PBXFrameworksBuildPhase section */
		F613E85120B58DDD001195A3 /* Frameworks */ = {
			isa = PBXFrameworksBuildPhase;
			buildActionMask = 2147483647;
			files = (
			);
			runOnlyForDeploymentPostprocessing = 0;
		};
		F616735E20BBF4D900927C76 /* Frameworks */ = {
			isa = PBXFrameworksBuildPhase;
			buildActionMask = 2147483647;
			files = (
			);
			runOnlyForDeploymentPostprocessing = 0;
		};
		F64F20BC20B81C4E00A62B52 /* Frameworks */ = {
			isa = PBXFrameworksBuildPhase;
			buildActionMask = 2147483647;
			files = (
			);
			runOnlyForDeploymentPostprocessing = 0;
		};
/* End PBXFrameworksBuildPhase section */

/* Begin PBXGroup section */
		F613E84B20B58DDD001195A3 = {
			isa = PBXGroup;
			children = (
				F613E85620B58DDD001195A3 /* 11章 String */,
				F64F20C020B81C4E00A62B52 /* 11.3 addresses.c 字符串的地址 */,
				F616736220BBF4D900927C76 /* 11.7 字符串函数 */,
				F613E85520B58DDD001195A3 /* Products */,
			);
			sourceTree = "<group>";
		};
		F613E85520B58DDD001195A3 /* Products */ = {
			isa = PBXGroup;
			children = (
				F613E85420B58DDD001195A3 /* 11章 String */,
				F64F20BF20B81C4E00A62B52 /* 11.3 addresses.c 字符串的地址 */,
				F616736120BBF4D900927C76 /* 11.7 字符串函数 */,
			);
			name = Products;
			sourceTree = "<group>";
		};
		F613E85620B58DDD001195A3 /* 11章 String */ = {
			isa = PBXGroup;
			children = (
				F613E85720B58DDD001195A3 /* main.c */,
			);
			path = "11章 String";
			sourceTree = "<group>";
		};
		F616736220BBF4D900927C76 /* 11.7 字符串函数 */ = {
			isa = PBXGroup;
			children = (
				F616736320BBF4D900927C76 /* main.c */,
			);
			path = "11.7 字符串函数";
			sourceTree = "<group>";
		};
		F64F20C020B81C4E00A62B52 /* 11.3 addresses.c 字符串的地址 */ = {
			isa = PBXGroup;
			children = (
				F64F20C120B81C4E00A62B52 /* main.c */,
			);
			path = "11.3 addresses.c 字符串的地址";
			sourceTree = "<group>";
		};
/* End PBXGroup section */

/* Begin PBXNativeTarget section */
		F613E85320B58DDD001195A3 /* 11章 String */ = {
			isa = PBXNativeTarget;
			buildConfigurationList = F613E85B20B58DDD001195A3 /* Build configuration list for PBXNativeTarget "11章 String" */;
			buildPhases = (
				F613E85020B58DDD001195A3 /* Sources */,
				F613E85120B58DDD001195A3 /* Frameworks */,
				F613E85220B58DDD001195A3 /* CopyFiles */,
			);
			buildRules = (
			);
			dependencies = (
			);
			name = "11章 String";
			productName = "11章 String";
			productReference = F613E85420B58DDD001195A3 /* 11章 String */;
			productType = "com.apple.product-type.tool";
		};
		F616736020BBF4D900927C76 /* 11.7 字符串函数 */ = {
			isa = PBXNativeTarget;
			buildConfigurationList = F616736720BBF4D900927C76 /* Build configuration list for PBXNativeTarget "11.7 字符串函数" */;
			buildPhases = (
				F616735D20BBF4D900927C76 /* Sources */,
				F616735E20BBF4D900927C76 /* Frameworks */,
				F616735F20BBF4D900927C76 /* CopyFiles */,
			);
			buildRules = (
			);
			dependencies = (
			);
			name = "11.7 字符串函数";
			productName = "11.7 字符串函数";
			productReference = F616736120BBF4D900927C76 /* 11.7 字符串函数 */;
			productType = "com.apple.product-type.tool";
		};
		F64F20BE20B81C4E00A62B52 /* 11.3 addresses.c 字符串的地址 */ = {
			isa = PBXNativeTarget;
			buildConfigurationList = F64F20C320B81C4E00A62B52 /* Build configuration list for PBXNativeTarget "11.3 addresses.c 字符串的地址" */;
			buildPhases = (
				F64F20BB20B81C4E00A62B52 /* Sources */,
				F64F20BC20B81C4E00A62B52 /* Frameworks */,
				F64F20BD20B81C4E00A62B52 /* CopyFiles */,
			);
			buildRules = (
			);
			dependencies = (
			);
			name = "11.3 addresses.c 字符串的地址";
			productName = "11.3 addresses.c 字符串的地址";
			productReference = F64F20BF20B81C4E00A62B52 /* 11.3 addresses.c 字符串的地址 */;
			productType = "com.apple.product-type.tool";
		};
/* End PBXNativeTarget section */

/* Begin PBXProject section */
		F613E84C20B58DDD001195A3 /* Project object */ = {
			isa = PBXProject;
			attributes = {
				LastUpgradeCheck = 0920;
				ORGANIZATIONNAME = affee;
				TargetAttributes = {
					F613E85320B58DDD001195A3 = {
						CreatedOnToolsVersion = 9.2;
						ProvisioningStyle = Automatic;
					};
					F616736020BBF4D900927C76 = {
						CreatedOnToolsVersion = 9.2;
						ProvisioningStyle = Automatic;
					};
					F64F20BE20B81C4E00A62B52 = {
						CreatedOnToolsVersion = 9.2;
						ProvisioningStyle = Automatic;
					};
				};
			};
			buildConfigurationList = F613E84F20B58DDD001195A3 /* Build configuration list for PBXProject "11章 String" */;
			compatibilityVersion = "Xcode 8.0";
			developmentRegion = en;
			hasScannedForEncodings = 0;
			knownRegions = (
				en,
			);
			mainGroup = F613E84B20B58DDD001195A3;
			productRefGroup = F613E85520B58DDD001195A3 /* Products */;
			projectDirPath = "";
			projectRoot = "";
			targets = (
				F613E85320B58DDD001195A3 /* 11章 String */,
				F64F20BE20B81C4E00A62B52 /* 11.3 addresses.c 字符串的地址 */,
				F616736020BBF4D900927C76 /* 11.7 字符串函数 */,
			);
		};
/* End PBXProject section */

/* Begin PBXSourcesBuildPhase section */
		F613E85020B58DDD001195A3 /* Sources */ = {
			isa = PBXSourcesBuildPhase;
			buildActionMask = 2147483647;
			files = (
				F613E85820B58DDD001195A3 /* main.c in Sources */,
			);
			runOnlyForDeploymentPostprocessing = 0;
		};
		F616735D20BBF4D900927C76 /* Sources */ = {
			isa = PBXSourcesBuildPhase;
			buildActionMask = 2147483647;
			files = (
				F616736420BBF4D900927C76 /* main.c in Sources */,
			);
			runOnlyForDeploymentPostprocessing = 0;
		};
		F64F20BB20B81C4E00A62B52 /* Sources */ = {
			isa = PBXSourcesBuildPhase;
			buildActionMask = 2147483647;
			files = (
				F64F20C220B81C4E00A62B52 /* main.c in Sources */,
			);
			runOnlyForDeploymentPostprocessing = 0;
		};
/* End PBXSourcesBuildPhase section */

/* Begin XCBuildConfiguration section */
		F613E85920B58DDD001195A3 /* Debug */ = {
			isa = XCBuildConfiguration;
			buildSettings = {
				ALWAYS_SEARCH_USER_PATHS = NO;
				CLANG_ANALYZER_NONNULL = YES;
				CLANG_ANALYZER_NUMBER_OBJECT_CONVERSION = YES_AGGRESSIVE;
				CLANG_CXX_LANGUAGE_STANDARD = "gnu++14";
				CLANG_CXX_LIBRARY = "libc++";
				CLANG_ENABLE_MODULES = YES;
				CLANG_ENABLE_OBJC_ARC = YES;
				CLANG_WARN_BLOCK_CAPTURE_AUTORELEASING = YES;
				CLANG_WARN_BOOL_CONVERSION = YES;
				CLANG_WARN_COMMA = YES;
				CLANG_WARN_CONSTANT_CONVERSION = YES;
				CLANG_WARN_DIRECT_OBJC_ISA_USAGE = YES_ERROR;
				CLANG_WARN_DOCUMENTATION_COMMENTS = YES;
				CLANG_WARN_EMPTY_BODY = YES;
				CLANG_WARN_ENUM_CONVERSION = YES;
				CLANG_WARN_INFINITE_RECURSION = YES;
				CLANG_WARN_INT_CONVERSION = YES;
				CLANG_WARN_NON_LITERAL_NULL_CONVERSION = YES;
				CLANG_WARN_OBJC_LITERAL_CONVERSION = YES;
				CLANG_WARN_OBJC_ROOT_CLASS = YES_ERROR;
				CLANG_WARN_RANGE_LOOP_ANALYSIS = YES;
				CLANG_WARN_STRICT_PROTOTYPES = YES;
				CLANG_WARN_SUSPICIOUS_MOVE = YES;
				CLANG_WARN_UNGUARDED_AVAILABILITY = YES_AGGRESSIVE;
				CLANG_WARN_UNREACHABLE_CODE = YES;
				CLANG_WARN__DUPLICATE_METHOD_MATCH = YES;
				CODE_SIGN_IDENTITY = "-";
				COPY_PHASE_STRIP = NO;
				DEBUG_INFORMATION_FORMAT = dwarf;
				ENABLE_STRICT_OBJC_MSGSEND = YES;
				ENABLE_TESTABILITY = YES;
				GCC_C_LANGUAGE_STANDARD = gnu11;
				GCC_DYNAMIC_NO_PIC = NO;
				GCC_NO_COMMON_BLOCKS = YES;
				GCC_OPTIMIZATION_LEVEL = 0;
				GCC_PREPROCESSOR_DEFINITIONS = (
					"DEBUG=1",
					"$(inherited)",
				);
				GCC_WARN_64_TO_32_BIT_CONVERSION = YES;
				GCC_WARN_ABOUT_RETURN_TYPE = YES_ERROR;
				GCC_WARN_UNDECLARED_SELECTOR = YES;
				GCC_WARN_UNINITIALIZED_AUTOS = YES_AGGRESSIVE;
				GCC_WARN_UNUSED_FUNCTION = YES;
				GCC_WARN_UNUSED_VARIABLE = YES;
				MACOSX_DEPLOYMENT_TARGET = 10.13;
				MTL_ENABLE_DEBUG_INFO = YES;
				ONLY_ACTIVE_ARCH = YES;
				SDKROOT = macosx;
			};
			name = Debug;
		};
		F613E85A20B58DDD001195A3 /* Release */ = {
			isa = XCBuildConfiguration;
			buildSettings = {
				ALWAYS_SEARCH_USER_PATHS = NO;
				CLANG_ANALYZER_NONNULL = YES;
				CLANG_ANALYZER_NUMBER_OBJECT_CONVERSION = YES_AGGRESSIVE;
				CLANG_CXX_LANGUAGE_STANDARD = "gnu++14";
				CLANG_CXX_LIBRARY = "libc++";
				CLANG_ENABLE_MODULES = YES;
				CLANG_ENABLE_OBJC_ARC = YES;
				CLANG_WARN_BLOCK_CAPTURE_AUTORELEASING = YES;
				CLANG_WARN_BOOL_CONVERSION = YES;
				CLANG_WARN_COMMA = YES;
				CLANG_WARN_CONSTANT_CONVERSION = YES;
				CLANG_WARN_DIRECT_OBJC_ISA_USAGE = YES_ERROR;
				CLANG_WARN_DOCUMENTATION_COMMENTS = YES;
				CLANG_WARN_EMPTY_BODY = YES;
				CLANG_WARN_ENUM_CONVERSION = YES;
				CLANG_WARN_INFINITE_RECURSION = YES;
				CLANG_WARN_INT_CONVERSION = YES;
				CLANG_WARN_NON_LITERAL_NULL_CONVERSION = YES;
				CLANG_WARN_OBJC_LITERAL_CONVERSION = YES;
				CLANG_WARN_OBJC_ROOT_CLASS = YES_ERROR;
				CLANG_WARN_RANGE_LOOP_ANALYSIS = YES;
				CLANG_WARN_STRICT_PROTOTYPES = YES;
				CLANG_WARN_SUSPICIOUS_MOVE = YES;
				CLANG_WARN_UNGUARDED_AVAILABILITY = YES_AGGRESSIVE;
				CLANG_WARN_UNREACHABLE_CODE = YES;
				CLANG_WARN__DUPLICATE_METHOD_MATCH = YES;
				CODE_SIGN_IDENTITY = "-";
				COPY_PHASE_STRIP = NO;
				DEBUG_INFORMATION_FORMAT = "dwarf-with-dsym";
				ENABLE_NS_ASSERTIONS = NO;
				ENABLE_STRICT_OBJC_MSGSEND = YES;
				GCC_C_LANGUAGE_STANDARD = gnu11;
				GCC_NO_COMMON_BLOCKS = YES;
				GCC_WARN_64_TO_32_BIT_CONVERSION = YES;
				GCC_WARN_ABOUT_RETURN_TYPE = YES_ERROR;
				GCC_WARN_UNDECLARED_SELECTOR = YES;
				GCC_WARN_UNINITIALIZED_AUTOS = YES_AGGRESSIVE;
				GCC_WARN_UNUSED_FUNCTION = YES;
				GCC_WARN_UNUSED_VARIABLE = YES;
				MACOSX_DEPLOYMENT_TARGET = 10.13;
				MTL_ENABLE_DEBUG_INFO = NO;
				SDKROOT = macosx;
			};
			name = Release;
		};
		F613E85C20B58DDD001195A3 /* Debug */ = {
			isa = XCBuildConfiguration;
			buildSettings = {
				CODE_SIGN_STYLE = Automatic;
				PRODUCT_NAME = "$(TARGET_NAME)";
			};
			name = Debug;
		};
		F613E85D20B58DDD001195A3 /* Release */ = {
			isa = XCBuildConfiguration;
			buildSettings = {
				CODE_SIGN_STYLE = Automatic;
				PRODUCT_NAME = "$(TARGET_NAME)";
			};
			name = Release;
		};
		F616736520BBF4D900927C76 /* Debug */ = {
			isa = XCBuildConfiguration;
			buildSettings = {
				CODE_SIGN_STYLE = Automatic;
				PRODUCT_NAME = "$(TARGET_NAME)";
			};
			name = Debug;
		};
		F616736620BBF4D900927C76 /* Release */ = {
			isa = XCBuildConfiguration;
			buildSettings = {
				CODE_SIGN_STYLE = Automatic;
				PRODUCT_NAME = "$(TARGET_NAME)";
			};
			name = Release;
		};
		F64F20C420B81C4E00A62B52 /* Debug */ = {
			isa = XCBuildConfiguration;
			buildSettings = {
				CODE_SIGN_STYLE = Automatic;
				PRODUCT_NAME = "$(TARGET_NAME)";
			};
			name = Debug;
		};
		F64F20C520B81C4E00A62B52 /* Release */ = {
			isa = XCBuildConfiguration;
			buildSettings = {
				CODE_SIGN_STYLE = Automatic;
				PRODUCT_NAME = "$(TARGET_NAME)";
			};
			name = Release;
		};
/* End XCBuildConfiguration section */

/* Begin XCConfigurationList section */
		F613E84F20B58DDD001195A3 /* Build configuration list for PBXProject "11章 String" */ = {
			isa = XCConfigurationList;
			buildConfigurations = (
				F613E85920B58DDD001195A3 /* Debug */,
				F613E85A20B58DDD001195A3 /* Release */,
			);
			defaultConfigurationIsVisible = 0;
			defaultConfigurationName = Release;
		};
		F613E85B20B58DDD001195A3 /* Build configuration list for PBXNativeTarget "11章 String" */ = {
			isa = XCConfigurationList;
			buildConfigurations = (
				F613E85C20B58DDD001195A3 /* Debug */,
				F613E85D20B58DDD001195A3 /* Release */,
			);
			defaultConfigurationIsVisible = 0;
			defaultConfigurationName = Release;
		};
		F616736720BBF4D900927C76 /* Build configuration list for PBXNativeTarget "11.7 字符串函数" */ = {
			isa = XCConfigurationList;
			buildConfigurations = (
				F616736520BBF4D900927C76 /* Debug */,
				F616736620BBF4D900927C76 /* Release */,
			);
			defaultConfigurationIsVisible = 0;
			defaultConfigurationName = Release;
		};
		F64F20C320B81C4E00A62B52 /* Build configuration list for PBXNativeTarget "11.3 addresses.c 字符串的地址" */ = {
			isa = XCConfigurationList;
			buildConfigurations = (
				F64F20C420B81C4E00A62B52 /* Debug */,
				F64F20C520B81C4E00A62B52 /* Release */,
			);
			defaultConfigurationIsVisible = 0;
			defaultConfigurationName = Release;
		};
/* End XCConfigurationList section */
	};
	rootObject = F613E84C20B58DDD001195A3 /* Project object */;
}
